
Microsoft Visual Studio Solution File, Format Version 12.00
# Visual Studio Version 16
VisualStudioVersion = 16.0.31624.102
MinimumVisualStudioVersion = 10.0.40219.1
Project("{8BC9CEB8-8B4A-11D0-8D11-00A0C91BC942}") = "Laboratory_work_3", "Laboratory_work_3\Laboratory_work_3.vcxproj", "{76B7F4F3-769F-4A6F-9128-5DAB0937DC54}"
EndProject
Global
	GlobalSection(SolutionConfigurationPlatforms) = preSolution
		Debug|x64 = Debug|x64
		Debug|x86 = Debug|x86
		Release|x64 = Release|x64
		Release|x86 = Release|x86
	EndGlobalSection
	GlobalSection(ProjectConfigurationPlatforms) = postSolution
		{76B7F4F3-769F-4A6F-9128-5DAB0937DC54}.Debug|x64.ActiveCfg = Debug|x64
		{76B7F4F3-769F-4A6F-9128-5DAB0937DC54}.Debug|x64.Build.0 = Debug|x64
		{76B7F4F3-769F-4A6F-9128-5DAB0937DC54}.Debug|x86.ActiveCfg = Debug|Win32
		{76B7F4F3-769F-4A6F-9128-5DAB0937DC54}.Debug|x86.Build.0 = Debug|Win32
		{76B7F4F3-769F-4A6F-9128-5DAB0937DC54}.Release|x64.ActiveCfg = Release|x64
		{76B7F4F3-769F-4A6F-9128-5DAB0937DC54}.Release|x64.Build.0 = Release|x64
		{76B7F4F3-769F-4A6F-9128-5DAB0937DC54}.Release|x86.ActiveCfg = Release|Win32
		{76B7F4F3-769F-4A6F-9128-5DAB0937DC54}.Release|x86.Build.0 = Release|Win32
	EndGlobalSection
	GlobalSection(SolutionProperties) = preSolution
		HideSolutionNode = FALSE
	EndGlobalSection
	GlobalSection(ExtensibilityGlobals) = postSolution
		SolutionGuid = {1E538E42-59B7-436A-B2E3-6835CB84C680}
	EndGlobalSection
EndGlobal
