
Microsoft Visual Studio Solution File, Format Version 12.00
# Visual Studio Version 16
VisualStudioVersion = 16.0.32106.194
MinimumVisualStudioVersion = 10.0.40219.1
Project("{8BC9CEB8-8B4A-11D0-8D11-00A0C91BC942}") = "Laboratory_work_7", "Laboratory_work_7\Laboratory_work_7.vcxproj", "{27F8BB85-AD58-4861-B63C-DACC9D7C437F}"
EndProject
Global
	GlobalSection(SolutionConfigurationPlatforms) = preSolution
		Debug|x64 = Debug|x64
		Debug|x86 = Debug|x86
		Release|x64 = Release|x64
		Release|x86 = Release|x86
	EndGlobalSection
	GlobalSection(ProjectConfigurationPlatforms) = postSolution
		{27F8BB85-AD58-4861-B63C-DACC9D7C437F}.Debug|x64.ActiveCfg = Debug|x64
		{27F8BB85-AD58-4861-B63C-DACC9D7C437F}.Debug|x64.Build.0 = Debug|x64
		{27F8BB85-AD58-4861-B63C-DACC9D7C437F}.Debug|x86.ActiveCfg = Debug|Win32
		{27F8BB85-AD58-4861-B63C-DACC9D7C437F}.Debug|x86.Build.0 = Debug|Win32
		{27F8BB85-AD58-4861-B63C-DACC9D7C437F}.Release|x64.ActiveCfg = Release|x64
		{27F8BB85-AD58-4861-B63C-DACC9D7C437F}.Release|x64.Build.0 = Release|x64
		{27F8BB85-AD58-4861-B63C-DACC9D7C437F}.Release|x86.ActiveCfg = Release|Win32
		{27F8BB85-AD58-4861-B63C-DACC9D7C437F}.Release|x86.Build.0 = Release|Win32
	EndGlobalSection
	GlobalSection(SolutionProperties) = preSolution
		HideSolutionNode = FALSE
	EndGlobalSection
	GlobalSection(ExtensibilityGlobals) = postSolution
		SolutionGuid = {FA5A2E78-64F1-4685-89C0-79C8AA7B1055}
	EndGlobalSection
EndGlobal
